// !$*UTF8*$!
{
	archiveVersion = 1;
	classes = {
	};
	objectVersion = 46;
	objects = {

/* Begin PBXBuildFile section */
		357D94B91EA8DD5000638004 /* SecondTableViewController.swift in Sources */ = {isa = PBXBuildFile; fileRef = 357D94B81EA8DD5000638004 /* SecondTableViewController.swift */; };
		358F981D1EA75183000F464A /* AppDelegate.swift in Sources */ = {isa = PBXBuildFile; fileRef = 358F981C1EA75183000F464A /* AppDelegate.swift */; };
		358F981F1EA75183000F464A /* ViewController.swift in Sources */ = {isa = PBXBuildFile; fileRef = 358F981E1EA75183000F464A /* ViewController.swift */; };
		358F98221EA75183000F464A /* Main.storyboard in Resources */ = {isa = PBXBuildFile; fileRef = 358F98201EA75183000F464A /* Main.storyboard */; };
		358F98241EA75183000F464A /* Assets.xcassets in Resources */ = {isa = PBXBuildFile; fileRef = 358F98231EA75183000F464A /* Assets.xcassets */; };
		358F98271EA75183000F464A /* LaunchScreen.storyboard in Resources */ = {isa = PBXBuildFile; fileRef = 358F98251EA75183000F464A /* LaunchScreen.storyboard */; };
		358F982F1EA768DF000F464A /* Structure.swift in Sources */ = {isa = PBXBuildFile; fileRef = 358F982E1EA768DF000F464A /* Structure.swift */; };
		358F98331EA77073000F464A /* DetailViewController.swift in Sources */ = {isa = PBXBuildFile; fileRef = 358F98321EA77073000F464A /* DetailViewController.swift */; };
/* End PBXBuildFile section */

/* Begin PBXFileReference section */
		357D94B81EA8DD5000638004 /* SecondTableViewController.swift */ = {isa = PBXFileReference; fileEncoding = 4; lastKnownFileType = sourcecode.swift; path = SecondTableViewController.swift; sourceTree = "<group>"; };
		358F98191EA75183000F464A /* StudentDetailApp.app */ = {isa = PBXFileReference; explicitFileType = wrapper.application; includeInIndex = 0; path = StudentDetailApp.app; sourceTree = BUILT_PRODUCTS_DIR; };
		358F981C1EA75183000F464A /* AppDelegate.swift */ = {isa = PBXFileReference; lastKnownFileType = sourcecode.swift; path = AppDelegate.swift; sourceTree = "<group>"; };
		358F981E1EA75183000F464A /* ViewController.swift */ = {isa = PBXFileReference; lastKnownFileType = sourcecode.swift; path = ViewController.swift; sourceTree = "<group>"; };
		358F98211EA75183000F464A /* Base */ = {isa = PBXFileReference; lastKnownFileType = file.storyboard; name = Base; path = Base.lproj/Main.storyboard; sourceTree = "<group>"; };
		358F98231EA75183000F464A /* Assets.xcassets */ = {isa = PBXFileReference; lastKnownFileType = folder.assetcatalog; path = Assets.xcassets; sourceTree = "<group>"; };
		358F98261EA75183000F464A /* Base */ = {isa = PBXFileReference; lastKnownFileType = file.storyboard; name = Base; path = Base.lproj/LaunchScreen.storyboard; sourceTree = "<group>"; };
		358F98281EA75183000F464A /* Info.plist */ = {isa = PBXFileReference; lastKnownFileType = text.plist.xml; path = Info.plist; sourceTree = "<group>"; };
		358F982E1EA768DF000F464A /* Structure.swift */ = {isa = PBXFileReference; fileEncoding = 4; lastKnownFileType = sourcecode.swift; path = Structure.swift; sourceTree = "<group>"; };
		358F98321EA77073000F464A /* DetailViewController.swift */ = {isa = PBXFileReference; fileEncoding = 4; lastKnownFileType = sourcecode.swift; path = DetailViewController.swift; sourceTree = "<group>"; };
/* End PBXFileReference section */

/* Begin PBXFrameworksBuildPhase section */
		358F98161EA75183000F464A /* Frameworks */ = {
			isa = PBXFrameworksBuildPhase;
			buildActionMask = 2147483647;
			files = (
			);
			runOnlyForDeploymentPostprocessing = 0;
		};
/* End PBXFrameworksBuildPhase section */

/* Begin PBXGroup section */
		358F98101EA75183000F464A = {
			isa = PBXGroup;
			children = (
				358F981B1EA75183000F464A /* StudentDetailApp */,
				358F981A1EA75183000F464A /* Products */,
			);
			sourceTree = "<group>";
		};
		358F981A1EA75183000F464A /* Products */ = {
			isa = PBXGroup;
			children = (
				358F98191EA75183000F464A /* StudentDetailApp.app */,
			);
			name = Products;
			sourceTree = "<group>";
		};
		358F981B1EA75183000F464A /* StudentDetailApp */ = {
			isa = PBXGroup;
			children = (
				358F981C1EA75183000F464A /* AppDelegate.swift */,
				358F981E1EA75183000F464A /* ViewController.swift */,
				358F982E1EA768DF000F464A /* Structure.swift */,
				358F98321EA77073000F464A /* DetailViewController.swift */,
				357D94B81EA8DD5000638004 /* SecondTableViewController.swift */,
				358F98201EA75183000F464A /* Main.storyboard */,
				358F98231EA75183000F464A /* Assets.xcassets */,
				358F98251EA75183000F464A /* LaunchScreen.storyboard */,
				358F98281EA75183000F464A /* Info.plist */,
			);
			path = StudentDetailApp;
			sourceTree = "<group>";
		};
/* End PBXGroup section */

/* Begin PBXNativeTarget section */
		358F98181EA75183000F464A /* StudentDetailApp */ = {
			isa = PBXNativeTarget;
			buildConfigurationList = 358F982B1EA75183000F464A /* Build configuration list for PBXNativeTarget "StudentDetailApp" */;
			buildPhases = (
				358F98151EA75183000F464A /* Sources */,
				358F98161EA75183000F464A /* Frameworks */,
				358F98171EA75183000F464A /* Resources */,
			);
			buildRules = (
			);
			dependencies = (
			);
			name = StudentDetailApp;
			productName = StudentDetailApp;
			productReference = 358F98191EA75183000F464A /* StudentDetailApp.app */;
			productType = "com.apple.product-type.application";
		};
/* End PBXNativeTarget section */

/* Begin PBXProject section */
		358F98111EA75183000F464A /* Project object */ = {
			isa = PBXProject;
			attributes = {
				LastSwiftUpdateCheck = 0820;
				LastUpgradeCheck = 0820;
				ORGANIZATIONNAME = "raja A";
				TargetAttributes = {
					358F98181EA75183000F464A = {
						CreatedOnToolsVersion = 8.2.1;
						ProvisioningStyle = Manual;
					};
				};
			};
			buildConfigurationList = 358F98141EA75183000F464A /* Build configuration list for PBXProject "StudentDetailApp" */;
			compatibilityVersion = "Xcode 3.2";
			developmentRegion = English;
			hasScannedForEncodings = 0;
			knownRegions = (
				en,
				Base,
			);
			mainGroup = 358F98101EA75183000F464A;
			productRefGroup = 358F981A1EA75183000F464A /* Products */;
			projectDirPath = "";
			projectRoot = "";
			targets = (
				358F98181EA75183000F464A /* StudentDetailApp */,
			);
		};
/* End PBXProject section */

/* Begin PBXResourcesBuildPhase section */
		358F98171EA75183000F464A /* Resources */ = {
			isa = PBXResourcesBuildPhase;
			buildActionMask = 2147483647;
			files = (
				358F98271EA75183000F464A /* LaunchScreen.storyboard in Resources */,
				358F98241EA75183000F464A /* Assets.xcassets in Resources */,
				358F98221EA75183000F464A /* Main.storyboard in Resources */,
			);
			runOnlyForDeploymentPostprocessing = 0;
		};
/* End PBXResourcesBuildPhase section */

/* Begin PBXSourcesBuildPhase section */
		358F98151EA75183000F464A /* Sources */ = {
			isa = PBXSourcesBuildPhase;
			buildActionMask = 2147483647;
			files = (
				358F981F1EA75183000F464A /* ViewController.swift in Sources */,
				358F981D1EA75183000F464A /* AppDelegate.swift in Sources */,
				357D94B91EA8DD5000638004 /* SecondTableViewController.swift in Sources */,
				358F982F1EA768DF000F464A /* Structure.swift in Sources */,
				358F98331EA77073000F464A /* DetailViewController.swift in Sources */,
			);
			runOnlyForDeploymentPostprocessing = 0;
		};
/* End PBXSourcesBuildPhase section */

/* Begin PBXVariantGroup section */
		358F98201EA75183000F464A /* Main.storyboard */ = {
			isa = PBXVariantGroup;
			children = (
				358F98211EA75183000F464A /* Base */,
			);
			name = Main.storyboard;
			sourceTree = "<group>";
		};
		358F98251EA75183000F464A /* LaunchScreen.storyboard */ = {
			isa = PBXVariantGroup;
			children = (
				358F98261EA75183000F464A /* Base */,
			);
			name = LaunchScreen.storyboard;
			sourceTree = "<group>";
		};
/* End PBXVariantGroup section */

/* Begin XCBuildConfiguration section */
		358F98291EA75183000F464A /* Debug */ = {
			isa = XCBuildConfiguration;
			buildSettings = {
				ALWAYS_SEARCH_USER_PATHS = NO;
				CLANG_ANALYZER_NONNULL = YES;
				CLANG_CXX_LANGUAGE_STANDARD = "gnu++0x";
				CLANG_CXX_LIBRARY = "libc++";
				CLANG_ENABLE_MODULES = YES;
				CLANG_ENABLE_OBJC_ARC = YES;
				CLANG_WARN_BOOL_CONVERSION = YES;
				CLANG_WARN_CONSTANT_CONVERSION = YES;
				CLANG_WARN_DIRECT_OBJC_ISA_USAGE = YES_ERROR;
				CLANG_WARN_DOCUMENTATION_COMMENTS = YES;
				CLANG_WARN_EMPTY_BODY = YES;
				CLANG_WARN_ENUM_CONVERSION = YES;
				CLANG_WARN_INFINITE_RECURSION = YES;
				CLANG_WARN_INT_CONVERSION = YES;
				CLANG_WARN_OBJC_ROOT_CLASS = YES_ERROR;
				CLANG_WARN_SUSPICIOUS_MOVE = YES;
				CLANG_WARN_UNREACHABLE_CODE = YES;
				CLANG_WARN__DUPLICATE_METHOD_MATCH = YES;
				"CODE_SIGN_IDENTITY[sdk=iphoneos*]" = "iPhone Developer";
				COPY_PHASE_STRIP = NO;
				DEBUG_INFORMATION_FORMAT = dwarf;
				ENABLE_STRICT_OBJC_MSGSEND = YES;
				ENABLE_TESTABILITY = YES;
				GCC_C_LANGUAGE_STANDARD = gnu99;
				GCC_DYNAMIC_NO_PIC = NO;
				GCC_NO_COMMON_BLOCKS = YES;
				GCC_OPTIMIZATION_LEVEL = 0;
				GCC_PREPROCESSOR_DEFINITIONS = (
					"DEBUG=1",
					"$(inherited)",
				);
				GCC_WARN_64_TO_32_BIT_CONVERSION = YES;
				GCC_WARN_ABOUT_RETURN_TYPE = YES_ERROR;
				GCC_WARN_UNDECLARED_SELECTOR = YES;
				GCC_WARN_UNINITIALIZED_AUTOS = YES_AGGRESSIVE;
				GCC_WARN_UNUSED_FUNCTION = YES;
				GCC_WARN_UNUSED_VARIABLE = YES;
				IPHONEOS_DEPLOYMENT_TARGET = 10.2;
				MTL_ENABLE_DEBUG_INFO = YES;
				ONLY_ACTIVE_ARCH = YES;
				SDKROOT = iphoneos;
				SWIFT_ACTIVE_COMPILATION_CONDITIONS = DEBUG;
				SWIFT_OPTIMIZATION_LEVEL = "-Onone";
				TARGETED_DEVICE_FAMILY = "1,2";
			};
			name = Debug;
		};
		358F982A1EA75183000F464A /* Release */ = {
			isa = XCBuildConfiguration;
			buildSettings = {
				ALWAYS_SEARCH_USER_PATHS = NO;
				CLANG_ANALYZER_NONNULL = YES;
				CLANG_CXX_LANGUAGE_STANDARD = "gnu++0x";
				CLANG_CXX_LIBRARY = "libc++";
				CLANG_ENABLE_MODULES = YES;
				CLANG_ENABLE_OBJC_ARC = YES;
				CLANG_WARN_BOOL_CONVERSION = YES;
				CLANG_WARN_CONSTANT_CONVERSION = YES;
				CLANG_WARN_DIRECT_OBJC_ISA_USAGE = YES_ERROR;
				CLANG_WARN_DOCUMENTATION_COMMENTS = YES;
				CLANG_WARN_EMPTY_BODY = YES;
				CLANG_WARN_ENUM_CONVERSION = YES;
				CLANG_WARN_INFINITE_RECURSION = YES;
				CLANG_WARN_INT_CONVERSION = YES;
				CLANG_WARN_OBJC_ROOT_CLASS = YES_ERROR;
				CLANG_WARN_SUSPICIOUS_MOVE = YES;
				CLANG_WARN_UNREACHABLE_CODE = YES;
				CLANG_WARN__DUPLICATE_METHOD_MATCH = YES;
				"CODE_SIGN_IDENTITY[sdk=iphoneos*]" = "iPhone Developer";
				COPY_PHASE_STRIP = NO;
				DEBUG_INFORMATION_FORMAT = "dwarf-with-dsym";
				ENABLE_NS_ASSERTIONS = NO;
				ENABLE_STRICT_OBJC_MSGSEND = YES;
				GCC_C_LANGUAGE_STANDARD = gnu99;
				GCC_NO_COMMON_BLOCKS = YES;
				GCC_WARN_64_TO_32_BIT_CONVERSION = YES;
				GCC_WARN_ABOUT_RETURN_TYPE = YES_ERROR;
				GCC_WARN_UNDECLARED_SELECTOR = YES;
				GCC_WARN_UNINITIALIZED_AUTOS = YES_AGGRESSIVE;
				GCC_WARN_UNUSED_FUNCTION = YES;
				GCC_WARN_UNUSED_VARIABLE = YES;
				IPHONEOS_DEPLOYMENT_TARGET = 10.2;
				MTL_ENABLE_DEBUG_INFO = NO;
				SDKROOT = iphoneos;
				SWIFT_OPTIMIZATION_LEVEL = "-Owholemodule";
				TARGETED_DEVICE_FAMILY = "1,2";
				VALIDATE_PRODUCT = YES;
			};
			name = Release;
		};
		358F982C1EA75183000F464A /* Debug */ = {
			isa = XCBuildConfiguration;
			buildSettings = {
				ASSETCATALOG_COMPILER_APPICON_NAME = AppIcon;
				"CODE_SIGN_IDENTITY[sdk=iphoneos*]" = "iPhone Developer";
				DEVELOPMENT_TEAM = "";
				INFOPLIST_FILE = StudentDetailApp/Info.plist;
				IPHONEOS_DEPLOYMENT_TARGET = 8.0;
				LD_RUNPATH_SEARCH_PATHS = "$(inherited) @executable_path/Frameworks";
				PRODUCT_BUNDLE_IDENTIFIER = com.Minuscule.demo.StudentDetailApp;
				PRODUCT_NAME = "$(TARGET_NAME)";
				SWIFT_VERSION = 3.0;
			};
			name = Debug;
		};
		358F982D1EA75183000F464A /* Release */ = {
			isa = XCBuildConfiguration;
			buildSettings = {
				ASSETCATALOG_COMPILER_APPICON_NAME = AppIcon;
				"CODE_SIGN_IDENTITY[sdk=iphoneos*]" = "iPhone Developer";
				DEVELOPMENT_TEAM = "";
				INFOPLIST_FILE = StudentDetailApp/Info.plist;
				IPHONEOS_DEPLOYMENT_TARGET = 8.0;
				LD_RUNPATH_SEARCH_PATHS = "$(inherited) @executable_path/Frameworks";
				PRODUCT_BUNDLE_IDENTIFIER = com.Minuscule.demo.StudentDetailApp;
				PRODUCT_NAME = "$(TARGET_NAME)";
				SWIFT_VERSION = 3.0;
			};
			name = Release;
		};
/* End XCBuildConfiguration section */

/* Begin XCConfigurationList section */
		358F98141EA75183000F464A /* Build configuration list for PBXProject "StudentDetailApp" */ = {
			isa = XCConfigurationList;
			buildConfigurations = (
				358F98291EA75183000F464A /* Debug */,
				358F982A1EA75183000F464A /* Release */,
			);
			defaultConfigurationIsVisible = 0;
			defaultConfigurationName = Release;
		};
		358F982B1EA75183000F464A /* Build configuration list for PBXNativeTarget "StudentDetailApp" */ = {
			isa = XCConfigurationList;
			buildConfigurations = (
				358F982C1EA75183000F464A /* Debug */,
				358F982D1EA75183000F464A /* Release */,
			);
			defaultConfigurationIsVisible = 0;
			defaultConfigurationName = Release;
		};
/* End XCConfigurationList section */
	};
	rootObject = 358F98111EA75183000F464A /* Project object */;
}
